{
  "name": "atris",
  "version": "3.58.8",
  "lockfileVersion": 3,
  "requires": true,
  "packages": {
    "": {
      "name": "atris",
      "version": "3.58.8",
      "license": "MIT",
      "bin": {
        "atris": "bin/atris",
        "atris-mcp": "mcp/atris-mcp/index.mjs",
        "ax": "ax"
      }
    }
  }
}
